
Microsoft Visual Studio Solution File, Format Version 12.00
# Visual Studio 15
VisualStudioVersion = 15.0.26403.7
MinimumVisualStudioVersion = 10.0.40219.1
Project("{FAE04EC0-301F-11D3-BF4B-00C04F79EFBC}") = "QuakeLogParser.UI", "QuakeLogParser.UI\QuakeLogParser.UI.csproj", "{D1356ACB-F879-4975-AB0A-648728E9C7F1}"
EndProject
Project("{FAE04EC0-301F-11D3-BF4B-00C04F79EFBC}") = "QuakeLogParser.Api", "QuakeLogParser.Api\QuakeLogParser.Api.csproj", "{C891C1A6-59D8-443C-88AD-E8AA2F5B9877}"
EndProject
Project("{2150E333-8FDC-42A3-9474-1A3956D46DE8}") = "Solution Items", "Solution Items", "{2D6B836F-B364-4EEE-B063-2F926A1D2DC1}"
	ProjectSection(SolutionItems) = preProject
		ReadMe.txt = ReadMe.txt
	EndProjectSection
EndProject
Global
	GlobalSection(SolutionConfigurationPlatforms) = preSolution
		Debug|Any CPU = Debug|Any CPU
		Release|Any CPU = Release|Any CPU
	EndGlobalSection
	GlobalSection(ProjectConfigurationPlatforms) = postSolution
		{D1356ACB-F879-4975-AB0A-648728E9C7F1}.Debug|Any CPU.ActiveCfg = Debug|Any CPU
		{D1356ACB-F879-4975-AB0A-648728E9C7F1}.Debug|Any CPU.Build.0 = Debug|Any CPU
		{D1356ACB-F879-4975-AB0A-648728E9C7F1}.Release|Any CPU.ActiveCfg = Release|Any CPU
		{D1356ACB-F879-4975-AB0A-648728E9C7F1}.Release|Any CPU.Build.0 = Release|Any CPU
		{C891C1A6-59D8-443C-88AD-E8AA2F5B9877}.Debug|Any CPU.ActiveCfg = Debug|Any CPU
		{C891C1A6-59D8-443C-88AD-E8AA2F5B9877}.Debug|Any CPU.Build.0 = Debug|Any CPU
		{C891C1A6-59D8-443C-88AD-E8AA2F5B9877}.Release|Any CPU.ActiveCfg = Release|Any CPU
		{C891C1A6-59D8-443C-88AD-E8AA2F5B9877}.Release|Any CPU.Build.0 = Release|Any CPU
	EndGlobalSection
	GlobalSection(SolutionProperties) = preSolution
		HideSolutionNode = FALSE
	EndGlobalSection
EndGlobal
